
Microsoft Visual Studio Solution File, Format Version 12.00
# Visual Studio Version 16
VisualStudioVersion = 16.0.30621.155
MinimumVisualStudioVersion = 10.0.40219.1
Project("{FAE04EC0-301F-11D3-BF4B-00C04F79EFBC}") = "ConsoleApp1", "ConsoleApp1\ConsoleApp1.csproj", "{BEACDD88-7C5D-465F-B6ED-A911E2A9E348}"
EndProject
Global
	GlobalSection(SolutionConfigurationPlatforms) = preSolution
		Debug|Any CPU = Debug|Any CPU
		Release|Any CPU = Release|Any CPU
	EndGlobalSection
	GlobalSection(ProjectConfigurationPlatforms) = postSolution
		{BEACDD88-7C5D-465F-B6ED-A911E2A9E348}.Debug|Any CPU.ActiveCfg = Debug|Any CPU
		{BEACDD88-7C5D-465F-B6ED-A911E2A9E348}.Debug|Any CPU.Build.0 = Debug|Any CPU
		{BEACDD88-7C5D-465F-B6ED-A911E2A9E348}.Release|Any CPU.ActiveCfg = Release|Any CPU
		{BEACDD88-7C5D-465F-B6ED-A911E2A9E348}.Release|Any CPU.Build.0 = Release|Any CPU
	EndGlobalSection
	GlobalSection(SolutionProperties) = preSolution
		HideSolutionNode = FALSE
	EndGlobalSection
	GlobalSection(ExtensibilityGlobals) = postSolution
		SolutionGuid = {2BA43D93-C3B8-4327-89D3-9938B33451F0}
	EndGlobalSection
EndGlobal
